
Microsoft Visual Studio Solution File, Format Version 12.00
# Visual Studio Version 17
VisualStudioVersion = 17.8.34316.72
MinimumVisualStudioVersion = 10.0.40219.1
Project("{FAE04EC0-301F-11D3-BF4B-00C04F79EFBC}") = "GUI", "GUI\GUI.csproj", "{4B28B17D-1F78-42AB-A4D4-8625E3E8F081}"
EndProject
Project("{FAE04EC0-301F-11D3-BF4B-00C04F79EFBC}") = "Repository", "Repository\Repository.csproj", "{64DB6888-8AC4-4968-8FC2-54245B6DB802}"
EndProject
Project("{FAE04EC0-301F-11D3-BF4B-00C04F79EFBC}") = "Handler", "ClassHandler\Handler.csproj", "{F19464A3-7B35-4364-8E70-E53B69415343}"
EndProject
Project("{FAE04EC0-301F-11D3-BF4B-00C04F79EFBC}") = "IO", "IO\IO.csproj", "{DE7F8495-3C31-4464-9F6A-3FE213E444E4}"
EndProject
Global
	GlobalSection(SolutionConfigurationPlatforms) = preSolution
		Debug|Any CPU = Debug|Any CPU
		Release|Any CPU = Release|Any CPU
	EndGlobalSection
	GlobalSection(ProjectConfigurationPlatforms) = postSolution
		{4B28B17D-1F78-42AB-A4D4-8625E3E8F081}.Debug|Any CPU.ActiveCfg = Debug|Any CPU
		{4B28B17D-1F78-42AB-A4D4-8625E3E8F081}.Debug|Any CPU.Build.0 = Debug|Any CPU
		{4B28B17D-1F78-42AB-A4D4-8625E3E8F081}.Release|Any CPU.ActiveCfg = Release|Any CPU
		{4B28B17D-1F78-42AB-A4D4-8625E3E8F081}.Release|Any CPU.Build.0 = Release|Any CPU
		{64DB6888-8AC4-4968-8FC2-54245B6DB802}.Debug|Any CPU.ActiveCfg = Debug|Any CPU
		{64DB6888-8AC4-4968-8FC2-54245B6DB802}.Debug|Any CPU.Build.0 = Debug|Any CPU
		{64DB6888-8AC4-4968-8FC2-54245B6DB802}.Release|Any CPU.ActiveCfg = Release|Any CPU
		{64DB6888-8AC4-4968-8FC2-54245B6DB802}.Release|Any CPU.Build.0 = Release|Any CPU
		{F19464A3-7B35-4364-8E70-E53B69415343}.Debug|Any CPU.ActiveCfg = Debug|Any CPU
		{F19464A3-7B35-4364-8E70-E53B69415343}.Debug|Any CPU.Build.0 = Debug|Any CPU
		{F19464A3-7B35-4364-8E70-E53B69415343}.Release|Any CPU.ActiveCfg = Release|Any CPU
		{F19464A3-7B35-4364-8E70-E53B69415343}.Release|Any CPU.Build.0 = Release|Any CPU
		{DE7F8495-3C31-4464-9F6A-3FE213E444E4}.Debug|Any CPU.ActiveCfg = Debug|Any CPU
		{DE7F8495-3C31-4464-9F6A-3FE213E444E4}.Debug|Any CPU.Build.0 = Debug|Any CPU
		{DE7F8495-3C31-4464-9F6A-3FE213E444E4}.Release|Any CPU.ActiveCfg = Release|Any CPU
		{DE7F8495-3C31-4464-9F6A-3FE213E444E4}.Release|Any CPU.Build.0 = Release|Any CPU
	EndGlobalSection
	GlobalSection(SolutionProperties) = preSolution
		HideSolutionNode = FALSE
	EndGlobalSection
	GlobalSection(ExtensibilityGlobals) = postSolution
		SolutionGuid = {EC08522A-DAD3-4B5A-BFEF-AF5F72579846}
	EndGlobalSection
EndGlobal
